<?xml version="1.0" encoding="utf-8"?>
<Project ToolsVersion="14.0" xmlns="http://schemas.microsoft.com/developer/msbuild/2003">
  <ItemGroup>
    <None Include="..\..\FigureProject.uproject" />
    <Filter Include="Source">
      <UniqueIdentifier>{896A31F0-516A-40D2-9C29-6EFF56A09899}</UniqueIdentifier>
    </Filter>
    <Filter Include="Config">
      <UniqueIdentifier>{9097585A-543A-40BA-8A46-D5547BE32D61}</UniqueIdentifier>
    </Filter>
    <None Include="..\..\Config\DefaultEditor.ini">
      <Filter>Config</Filter>
    </None>
    <None Include="..\..\Config\DefaultEngine.ini">
      <Filter>Config</Filter>
    </None>
    <None Include="..\..\Config\DefaultGame.ini">
      <Filter>Config</Filter>
    </None>
    <Filter Include="Source\FigureProject">
      <UniqueIdentifier>{C4D57AAB-0126-4FC9-9DC2-326A45BDD9B3}</UniqueIdentifier>
    </Filter>
    <None Include="..\..\Source\FigureProject\FigureProject.Build.cs">
      <Filter>Source\FigureProject\99. Default</Filter>
    </None>
    <None Include="..\..\Source\FigureProject.Target.cs">
      <Filter>Source\FigureProject\99. Default</Filter>
    </None>
    <None Include="..\..\Source\FigureProjectEditor.Target.cs">
      <Filter>Source\FigureProject\99. Default</Filter>
    </None>
    <None Include="..\..\Config\DefaultInput.ini" />
  </ItemGroup>
  <ItemGroup>
    <ClInclude Include="..\..\Source\FigureProject\FigureProject.h">
      <Filter>Source\FigureProject\99. Default</Filter>
    </ClInclude>
    <ClInclude Include="..\..\Source\FigureProject\FigureProjectGameModeBase.h">
      <Filter>Source\FigureProject\00. GameSetting</Filter>
    </ClInclude>
    <ClInclude Include="..\..\Source\FigureProject\FP_HUD.h">
      <Filter>Source\FigureProject\00. GameSetting</Filter>
    </ClInclude>
    <ClInclude Include="..\..\Source\FigureProject\FP_PlayerController.h">
      <Filter>Source\FigureProject\00. GameSetting</Filter>
    </ClInclude>
    <ClInclude Include="..\..\Source\FigureProject\FP_Bullet.h">
      <Filter>Source\FigureProject\03. Bullet</Filter>
    </ClInclude>
    <ClInclude Include="..\..\Source\FigureProject\FP_Monster.h">
      <Filter>Source\FigureProject\04. Monster</Filter>
    </ClInclude>
    <ClInclude Include="..\..\Source\FigureProject\FP_Player.h">
      <Filter>Source\FigureProject\01. Player</Filter>
    </ClInclude>
    <ClInclude Include="..\..\Source\FigureProject\FP_Weapon.h">
      <Filter>Source\FigureProject\02. Weapon</Filter>
    </ClInclude>
    <ClInclude Include="..\..\Source\FigureProject\FP_StatusWidget.h">
      <Filter>Source\FigureProject\98. UI\00. Status</Filter>
    </ClInclude>
    <ClInclude Include="..\..\Source\FigureProject\FP_Inventory.h">
      <Filter>Source\FigureProject\98. UI\01. Inventory</Filter>
    </ClInclude>
    <ClInclude Include="..\..\Source\FigureProject\FP_Item.h">
      <Filter>Source\FigureProject\05. Item</Filter>
    </ClInclude>
    <ClInclude Include="..\..\Source\FigureProject\FP_MonsterMgr.h">
      <Filter>Source\FigureProject\04. Monster\Mgr</Filter>
    </ClInclude>
    <ClInclude Include="..\..\Source\FigureProject\FP_Monster_Normal.h">
      <Filter>Source\FigureProject\04. Monster\Normal</Filter>
    </ClInclude>
    <ClInclude Include="..\..\Source\FigureProject\FP_Monster_BossTypeA.h">
      <Filter>Source\FigureProject\04. Monster\BossA</Filter>
    </ClInclude>
    <ClInclude Include="..\..\Source\FigureProject\FP_Monster_BossTypeB.h">
      <Filter>Source\FigureProject\04. Monster\BossB</Filter>
    </ClInclude>
    <ClInclude Include="..\..\Source\FigureProject\FP_ProximityWeapon.h">
      <Filter>Source\FigureProject\02. Weapon</Filter>
    </ClInclude>
    <ClInclude Include="..\..\Source\FigureProject\FP_StageWidget.h">
      <Filter>Source\FigureProject\98. UI\02. Stage</Filter>
    </ClInclude>
    <ClInclude Include="..\..\Source\FigureProject\FP_GameStart.h">
      <Filter>Source\FigureProject\98. UI\03. GameStart</Filter>
    </ClInclude>
    <ClInclude Include="..\..\Source\FigureProject\FP_Item_AttackSpeedUp.h">
      <Filter>Source\FigureProject\05. Item\01. SpdUp</Filter>
    </ClInclude>
    <ClInclude Include="..\..\Source\FigureProject\FP_Item_MonsterRegenUp.h">
      <Filter>Source\FigureProject\05. Item\02. MonsterRegenUp</Filter>
    </ClInclude>
    <ClInclude Include="..\..\Source\FigureProject\FP_Item_PowerUp.h">
      <Filter>Source\FigureProject\05. Item\00. PowerUp</Filter>
    </ClInclude>
    <ClInclude Include="..\..\Source\FigureProject\FP_Skill.h">
      <Filter>Source\FigureProject\06. Skill</Filter>
    </ClInclude>
    <ClInclude Include="..\..\Source\FigureProject\HPBar_Widget.h">
      <Filter>Source\FigureProject\98. UI\04. HP</Filter>
    </ClInclude>
    <ClInclude Include="..\..\Source\FigureProject\FP_ItemDropRate.h">
      <Filter>Source\FigureProject\05. Item</Filter>
    </ClInclude>
    <ClInclude Include="..\..\Source\FigureProject\FP_ComProjectile.h">
      <Filter>Source\FigureProject\97. Component\00. ComProjectile</Filter>
    </ClInclude>
    <ClInclude Include="..\..\Source\FigureProject\FP_Impact.h">
      <Filter>Source\FigureProject\07. Impact</Filter>
    </ClInclude>
    <ClInclude Include="..\..\Source\FigureProject\FP_IceBall.h">
      <Filter>Source\FigureProject\06. Skill\01. Ice\00. IceBall</Filter>
    </ClInclude>
    <ClInclude Include="..\..\Source\FigureProject\FP_IceBlast.h">
      <Filter>Source\FigureProject\06. Skill\01. Ice\01. IceBlast</Filter>
    </ClInclude>
    <ClInclude Include="..\..\Source\FigureProject\FP_FireBall.h">
      <Filter>Source\FigureProject\06. Skill\00. Fire\00. FireBall</Filter>
    </ClInclude>
    <ClInclude Include="..\..\Source\FigureProject\FP_FireBlast.h">
      <Filter>Source\FigureProject\06. Skill\00. Fire\01. FireBlast</Filter>
    </ClInclude>
    <ClInclude Include="..\..\Source\FigureProject\FP_FireBlastSpawnPoint.h">
      <Filter>Source\FigureProject\06. Skill\00. Fire\01. FireBlast</Filter>
    </ClInclude>
    <ClInclude Include="..\..\Source\FigureProject\FP_FireWall.h">
      <Filter>Source\FigureProject\06. Skill\00. Fire\02. FireWall</Filter>
    </ClInclude>
    <ClInclude Include="..\..\Source\FigureProject\FP_MainUI.h">
      <Filter>Source\FigureProject\98. UI\05. MainUI</Filter>
    </ClInclude>
    <ClInclude Include="..\..\Source\FigureProject\FP_IceOrb.h">
      <Filter>Source\FigureProject\06. Skill\01. Ice\02. IceOrb</Filter>
    </ClInclude>
    <ClInclude Include="..\..\Source\FigureProject\FP_Rune.h">
      <Filter>Source\FigureProject\08. Rune</Filter>
    </ClInclude>
    <ClInclude Include="..\..\Source\FigureProject\FP_ComCalculator.h">
      <Filter>Source\FigureProject\97. Component\02. ComCalculator</Filter>
    </ClInclude>
    <ClInclude Include="..\..\Source\FigureProject\FP_RuneToolTip.h">
      <Filter>Source\FigureProject\98. UI\06. ToolTip</Filter>
    </ClInclude>
    <ClInclude Include="..\..\Source\FigureProject\FP_Tooltip.h">
      <Filter>Source\FigureProject\98. UI\06. ToolTip</Filter>
    </ClInclude>
    <ClInclude Include="..\..\Source\FigureProject\FP_InventoryWidget.h">
      <Filter>Source\FigureProject\98. UI\01. Inventory</Filter>
    </ClInclude>
    <ClInclude Include="..\..\Source\FigureProject\FP_RuneTable.h">
      <Filter>Source\FigureProject\08. Rune</Filter>
    </ClInclude>
    <ClInclude Include="..\..\Source\FigureProject\FP_ComCollision.h">
      <Filter>Source\FigureProject\97. Component\01. ComCollision</Filter>
    </ClInclude>
    <ClInclude Include="..\..\Source\FigureProject\FP_ComRuneGenerator.h">
      <Filter>Source\FigureProject\97. Component\03. ComRuneGenerator</Filter>
    </ClInclude>
    <ClInclude Include="..\..\Source\FigureProject\FP_SaveGame.h">
      <Filter>Source\FigureProject\96. SaveLoad</Filter>
    </ClInclude>
    <ClInclude Include="..\..\Source\FigureProject\FP_SkillUI.h">
      <Filter>Source\FigureProject\98. UI\07. SkillUI</Filter>
    </ClInclude>
  </ItemGroup>
  <ItemGroup>
    <ClCompile Include="..\..\Source\FigureProject\FigureProject.cpp">
      <Filter>Source\FigureProject\99. Default</Filter>
    </ClCompile>
    <ClCompile Include="..\..\Source\FigureProject\FigureProjectGameModeBase.cpp">
      <Filter>Source\FigureProject\00. GameSetting</Filter>
    </ClCompile>
    <ClCompile Include="..\..\Source\FigureProject\FP_HUD.cpp">
      <Filter>Source\FigureProject\00. GameSetting</Filter>
    </ClCompile>
    <ClCompile Include="..\..\Source\FigureProject\FP_PlayerController.cpp">
      <Filter>Source\FigureProject\00. GameSetting</Filter>
    </ClCompile>
    <ClCompile Include="..\..\Source\FigureProject\FP_Bullet.cpp">
      <Filter>Source\FigureProject\03. Bullet</Filter>
    </ClCompile>
    <ClCompile Include="..\..\Source\FigureProject\FP_Monster.cpp">
      <Filter>Source\FigureProject\04. Monster</Filter>
    </ClCompile>
    <ClCompile Include="..\..\Source\FigureProject\FP_Player.cpp">
      <Filter>Source\FigureProject\01. Player</Filter>
    </ClCompile>
    <ClCompile Include="..\..\Source\FigureProject\FP_Weapon.cpp">
      <Filter>Source\FigureProject\02. Weapon</Filter>
    </ClCompile>
    <ClCompile Include="..\..\Source\FigureProject\FP_StatusWidget.cpp">
      <Filter>Source\FigureProject\98. UI\00. Status</Filter>
    </ClCompile>
    <ClCompile Include="..\..\Source\FigureProject\FP_Inventory.cpp">
      <Filter>Source\FigureProject\98. UI\01. Inventory</Filter>
    </ClCompile>
    <ClCompile Include="..\..\Source\FigureProject\FP_Item.cpp">
      <Filter>Source\FigureProject\05. Item</Filter>
    </ClCompile>
    <ClCompile Include="..\..\Source\FigureProject\FP_MonsterMgr.cpp">
      <Filter>Source\FigureProject\04. Monster\Mgr</Filter>
    </ClCompile>
    <ClCompile Include="..\..\Source\FigureProject\FP_Monster_Normal.cpp">
      <Filter>Source\FigureProject\04. Monster\Normal</Filter>
    </ClCompile>
    <ClCompile Include="..\..\Source\FigureProject\FP_Monster_BossTypeA.cpp">
      <Filter>Source\FigureProject\04. Monster\BossA</Filter>
    </ClCompile>
    <ClCompile Include="..\..\Source\FigureProject\FP_Monster_BossTypeB.cpp">
      <Filter>Source\FigureProject\04. Monster\BossB</Filter>
    </ClCompile>
    <ClCompile Include="..\..\Source\FigureProject\FP_ProximityWeapon.cpp">
      <Filter>Source\FigureProject\02. Weapon</Filter>
    </ClCompile>
    <ClCompile Include="..\..\Source\FigureProject\FP_StageWidget.cpp">
      <Filter>Source\FigureProject\98. UI\02. Stage</Filter>
    </ClCompile>
    <ClCompile Include="..\..\Source\FigureProject\FP_GameStart.cpp">
      <Filter>Source\FigureProject\98. UI\03. GameStart</Filter>
    </ClCompile>
    <ClCompile Include="..\..\Source\FigureProject\FP_Item_AttackSpeedUp.cpp">
      <Filter>Source\FigureProject\05. Item\01. SpdUp</Filter>
    </ClCompile>
    <ClCompile Include="..\..\Source\FigureProject\FP_Item_MonsterRegenUp.cpp">
      <Filter>Source\FigureProject\05. Item\02. MonsterRegenUp</Filter>
    </ClCompile>
    <ClCompile Include="..\..\Source\FigureProject\FP_Item_PowerUp.cpp">
      <Filter>Source\FigureProject\05. Item\00. PowerUp</Filter>
    </ClCompile>
    <ClCompile Include="..\..\Source\FigureProject\FP_Skill.cpp">
      <Filter>Source\FigureProject\06. Skill</Filter>
    </ClCompile>
    <ClCompile Include="..\..\Source\FigureProject\HPBar_Widget.cpp">
      <Filter>Source\FigureProject\98. UI\04. HP</Filter>
    </ClCompile>
    <ClCompile Include="..\..\Source\FigureProject\FP_ItemDropRate.cpp">
      <Filter>Source\FigureProject\05. Item</Filter>
    </ClCompile>
    <ClCompile Include="..\..\Source\FigureProject\FP_ComProjectile.cpp">
      <Filter>Source\FigureProject\97. Component\00. ComProjectile</Filter>
    </ClCompile>
    <ClCompile Include="..\..\Source\FigureProject\FP_ComCollision.cpp">
      <Filter>Source\FigureProject\97. Component\01. ComCollision</Filter>
    </ClCompile>
    <ClCompile Include="..\..\Source\FigureProject\FP_Impact.cpp">
      <Filter>Source\FigureProject\07. Impact</Filter>
    </ClCompile>
    <ClCompile Include="..\..\Source\FigureProject\FP_IceBall.cpp">
      <Filter>Source\FigureProject\06. Skill\01. Ice\00. IceBall</Filter>
    </ClCompile>
    <ClCompile Include="..\..\Source\FigureProject\FP_IceBlast.cpp">
      <Filter>Source\FigureProject\06. Skill\01. Ice\01. IceBlast</Filter>
    </ClCompile>
    <ClCompile Include="..\..\Source\FigureProject\FP_FireBall.cpp">
      <Filter>Source\FigureProject\06. Skill\00. Fire\00. FireBall</Filter>
    </ClCompile>
    <ClCompile Include="..\..\Source\FigureProject\FP_FireBlast.cpp">
      <Filter>Source\FigureProject\06. Skill\00. Fire\01. FireBlast</Filter>
    </ClCompile>
    <ClCompile Include="..\..\Source\FigureProject\FP_FireBlastSpawnPoint.cpp">
      <Filter>Source\FigureProject\06. Skill\00. Fire\01. FireBlast</Filter>
    </ClCompile>
    <ClCompile Include="..\..\Source\FigureProject\FP_FireWall.cpp">
      <Filter>Source\FigureProject\06. Skill\00. Fire\02. FireWall</Filter>
    </ClCompile>
    <ClCompile Include="..\..\Source\FigureProject\FP_MainUI.cpp">
      <Filter>Source\FigureProject\98. UI\05. MainUI</Filter>
    </ClCompile>
    <ClCompile Include="..\..\Source\FigureProject\FP_IceOrb.cpp">
      <Filter>Source\FigureProject\06. Skill\01. Ice\02. IceOrb</Filter>
    </ClCompile>
    <ClCompile Include="..\..\Source\FigureProject\FP_Rune.cpp">
      <Filter>Source\FigureProject\08. Rune</Filter>
    </ClCompile>
    <ClCompile Include="..\..\Source\FigureProject\FP_ComCalculator.cpp">
      <Filter>Source\FigureProject\97. Component\02. ComCalculator</Filter>
    </ClCompile>
    <ClCompile Include="..\..\Source\FigureProject\FP_RuneToolTip.cpp">
      <Filter>Source\FigureProject\98. UI\06. ToolTip</Filter>
    </ClCompile>
    <ClCompile Include="..\..\Source\FigureProject\FP_Tooltip.cpp">
      <Filter>Source\FigureProject\98. UI\06. ToolTip</Filter>
    </ClCompile>
    <ClCompile Include="..\..\Source\FigureProject\FP_InventoryWidget.cpp">
      <Filter>Source\FigureProject\98. UI\01. Inventory</Filter>
    </ClCompile>
    <ClCompile Include="..\..\Source\FigureProject\FP_RuneTable.cpp">
      <Filter>Source\FigureProject\08. Rune</Filter>
    </ClCompile>
    <ClCompile Include="..\..\Source\FigureProject\FP_ComRuneGenerator.cpp">
      <Filter>Source\FigureProject\97. Component\03. ComRuneGenerator</Filter>
    </ClCompile>
    <ClCompile Include="..\..\Source\FigureProject\FP_SaveGame.cpp">
      <Filter>Source\FigureProject\96. SaveLoad</Filter>
    </ClCompile>
    <ClCompile Include="..\..\Source\FigureProject\FP_SkillUI.cpp">
      <Filter>Source\FigureProject\98. UI\07. SkillUI</Filter>
    </ClCompile>
  </ItemGroup>
  <ItemGroup>
    <Filter Include="Source\FigureProject\00. GameSetting">
      <UniqueIdentifier>{acb7b117-a15d-4850-9d20-684e6707904b}</UniqueIdentifier>
    </Filter>
    <Filter Include="Source\FigureProject\01. Player">
      <UniqueIdentifier>{012ad2fd-9686-4387-8e4e-c0759e6216fe}</UniqueIdentifier>
    </Filter>
    <Filter Include="Source\FigureProject\02. Weapon">
      <UniqueIdentifier>{f16010ee-a1dd-4789-a916-05a3932d8dca}</UniqueIdentifier>
    </Filter>
    <Filter Include="Source\FigureProject\99. Default">
      <UniqueIdentifier>{233156a5-4dda-46e6-8337-a05bc5fa44c5}</UniqueIdentifier>
    </Filter>
    <Filter Include="Source\FigureProject\03. Bullet">
      <UniqueIdentifier>{cf4a4658-a281-42fb-aa56-8bd02ef6fd43}</UniqueIdentifier>
    </Filter>
    <Filter Include="Source\FigureProject\04. Monster">
      <UniqueIdentifier>{17fd7e9a-bbfd-4c66-a549-0696cf4ca25b}</UniqueIdentifier>
    </Filter>
    <Filter Include="Source\FigureProject\05. Item">
      <UniqueIdentifier>{987e453c-d0f9-410d-8750-0ee18597f65d}</UniqueIdentifier>
    </Filter>
    <Filter Include="Source\FigureProject\98. UI">
      <UniqueIdentifier>{347e69d7-8327-4550-82d3-fc988065caf6}</UniqueIdentifier>
    </Filter>
    <Filter Include="Source\FigureProject\98. UI\00. Status">
      <UniqueIdentifier>{b83e60d2-cbcc-42cf-aec5-7c69194f893b}</UniqueIdentifier>
    </Filter>
    <Filter Include="Source\FigureProject\98. UI\01. Inventory">
      <UniqueIdentifier>{dec3ae89-ccae-474e-9f57-3429acc9cf2c}</UniqueIdentifier>
    </Filter>
    <Filter Include="Source\FigureProject\04. Monster\Mgr">
      <UniqueIdentifier>{1c3c28e9-1db7-4409-9d3d-48aba12dcc06}</UniqueIdentifier>
    </Filter>
    <Filter Include="Source\FigureProject\04. Monster\Normal">
      <UniqueIdentifier>{6233b0bf-6d91-452e-81a9-21119d9dea2a}</UniqueIdentifier>
    </Filter>
    <Filter Include="Source\FigureProject\04. Monster\BossA">
      <UniqueIdentifier>{86a44151-6700-412a-a984-37804301a096}</UniqueIdentifier>
    </Filter>
    <Filter Include="Source\FigureProject\04. Monster\BossB">
      <UniqueIdentifier>{7b246fab-19c3-4918-a33c-e4a9c0f3438f}</UniqueIdentifier>
    </Filter>
    <Filter Include="Source\FigureProject\98. UI\02. Stage">
      <UniqueIdentifier>{15e71e70-bc11-4090-8363-7b97a1bb070d}</UniqueIdentifier>
    </Filter>
    <Filter Include="Source\FigureProject\98. UI\03. GameStart">
      <UniqueIdentifier>{bda39a9a-5b78-47ad-9a25-bc5ea76881cb}</UniqueIdentifier>
    </Filter>
    <Filter Include="Source\FigureProject\98. UI\04. HP">
      <UniqueIdentifier>{c8317a17-438f-4f6f-b6bf-bfea37aad777}</UniqueIdentifier>
    </Filter>
    <Filter Include="Source\FigureProject\05. Item\00. PowerUp">
      <UniqueIdentifier>{6b1f5784-ea73-48f1-9e9e-2630bcd6c0b8}</UniqueIdentifier>
    </Filter>
    <Filter Include="Source\FigureProject\05. Item\01. SpdUp">
      <UniqueIdentifier>{f6ee695a-1fcf-4481-856b-59901783cea2}</UniqueIdentifier>
    </Filter>
    <Filter Include="Source\FigureProject\05. Item\02. MonsterRegenUp">
      <UniqueIdentifier>{f2607727-ea01-4ad9-a68d-03264be51bf5}</UniqueIdentifier>
    </Filter>
    <Filter Include="Source\FigureProject\97. Component">
      <UniqueIdentifier>{965c8c31-4a2a-4796-a02e-8f14e1b1a990}</UniqueIdentifier>
    </Filter>
    <Filter Include="Source\FigureProject\06. Skill">
      <UniqueIdentifier>{32aff099-89af-47e3-913f-1af1a0a74076}</UniqueIdentifier>
    </Filter>
    <Filter Include="Source\FigureProject\97. Component\00. ComProjectile">
      <UniqueIdentifier>{4ae7eaaf-4e36-4798-b359-ffb8f841f1f7}</UniqueIdentifier>
    </Filter>
    <Filter Include="Source\FigureProject\97. Component\01. ComCollision">
      <UniqueIdentifier>{8ad7c9d4-ca1b-43d7-9564-20980967c706}</UniqueIdentifier>
    </Filter>
    <Filter Include="Source\FigureProject\06. Skill\01. Ice">
      <UniqueIdentifier>{7aebe6dd-cc6f-4e1b-ba93-99510b066244}</UniqueIdentifier>
    </Filter>
    <Filter Include="Source\FigureProject\06. Skill\00. Fire">
      <UniqueIdentifier>{ab28c6dd-5e74-463d-bab0-7ef9adaed2f3}</UniqueIdentifier>
    </Filter>
    <Filter Include="Source\FigureProject\07. Impact">
      <UniqueIdentifier>{1e2a0e23-51a7-49df-bf60-9a7865354ac0}</UniqueIdentifier>
    </Filter>
    <Filter Include="Source\FigureProject\06. Skill\01. Ice\00. IceBall">
      <UniqueIdentifier>{e2472e2d-edfd-49c0-90ef-0db4b1cf7d9f}</UniqueIdentifier>
    </Filter>
    <Filter Include="Source\FigureProject\06. Skill\01. Ice\01. IceBlast">
      <UniqueIdentifier>{650b59ae-4b0c-400f-b4fc-bd60bb88cace}</UniqueIdentifier>
    </Filter>
    <Filter Include="Source\FigureProject\06. Skill\00. Fire\00. FireBall">
      <UniqueIdentifier>{48a83775-5c2f-4055-aba9-bbc65eaf7da5}</UniqueIdentifier>
    </Filter>
    <Filter Include="Source\FigureProject\06. Skill\00. Fire\01. FireBlast">
      <UniqueIdentifier>{6d2b1ee2-ea83-4ccd-84b8-df4abc3f22cb}</UniqueIdentifier>
    </Filter>
    <Filter Include="Source\FigureProject\06. Skill\00. Fire\02. FireWall">
      <UniqueIdentifier>{040b2976-c627-4a9a-a0f9-db2854cef791}</UniqueIdentifier>
    </Filter>
    <Filter Include="Source\FigureProject\98. UI\05. MainUI">
      <UniqueIdentifier>{8ca38e2a-8068-4ebd-bf08-2b664df5adb2}</UniqueIdentifier>
    </Filter>
    <Filter Include="Source\FigureProject\06. Skill\01. Ice\02. IceOrb">
      <UniqueIdentifier>{28aa220d-bfab-469b-87b4-cb3a53aaf2a9}</UniqueIdentifier>
    </Filter>
    <Filter Include="Source\FigureProject\08. Rune">
      <UniqueIdentifier>{ffba2b2b-b8b7-4b11-8b44-387244ba05fb}</UniqueIdentifier>
    </Filter>
    <Filter Include="Source\FigureProject\97. Component\02. ComCalculator">
      <UniqueIdentifier>{5eb33e9a-d4b9-4454-946e-d958fa221567}</UniqueIdentifier>
    </Filter>
    <Filter Include="Source\FigureProject\08. Rune\00.">
      <UniqueIdentifier>{526619b2-ae00-489e-869a-ae27f024b739}</UniqueIdentifier>
    </Filter>
    <Filter Include="Source\FigureProject\98. UI\06. ToolTip">
      <UniqueIdentifier>{1aa2adaa-1448-4378-bb14-39873f1a289d}</UniqueIdentifier>
    </Filter>
    <Filter Include="Source\FigureProject\97. Component\03. ComRuneGenerator">
      <UniqueIdentifier>{3483306a-9617-4e13-88d1-6d2e7d74ad6c}</UniqueIdentifier>
    </Filter>
    <Filter Include="Source\FigureProject\98. UI\07. SkillUI">
      <UniqueIdentifier>{6c38bfe0-768e-41a4-848d-177c5eeee0ef}</UniqueIdentifier>
    </Filter>
    <Filter Include="Source\FigureProject\96. SaveLoad">
      <UniqueIdentifier>{9040ea9d-46e0-42a0-8efb-fe2af125d9f5}</UniqueIdentifier>
    </Filter>
  </ItemGroup>
</Project>